<?xml version="1.0" encoding="utf-8"?>
<Project ToolsVersion="4.0" xmlns="http://schemas.microsoft.com/developer/msbuild/2003">
  <ItemGroup>
    <Filter Include="cpp">
      <UniqueIdentifier>{E866880B-5470-887C-DDEB-9E7C49F4937C}</UniqueIdentifier>
    </Filter>
    <Filter Include="include">
      <UniqueIdentifier>{89AF369E-F58E-B539-FEA6-40106A051C9B}</UniqueIdentifier>
    </Filter>
  </ItemGroup>
  <ItemGroup>
    <ClInclude Include="include\LevelEditorScene.h">
      <Filter>include</Filter>
    </ClInclude>
    <ClInclude Include="include\LevelEditorSystem.h">
      <Filter>include</Filter>
    </ClInclude>
    <ClInclude Include="include\Gizmos.h">
      <Filter>include</Filter>
    </ClInclude>
  </ItemGroup>
  <ItemGroup>
    <ClCompile Include="cpp\LevelEditorScene.cpp">
      <Filter>cpp</Filter>
    </ClCompile>
    <ClCompile Include="cpp\LevelEditorSystem.cpp">
      <Filter>cpp</Filter>
    </ClCompile>
    <ClCompile Include="cpp\app.cpp">
      <Filter>cpp</Filter>
    </ClCompile>
    <ClCompile Include="cpp\Gizmos.cpp">
      <Filter>cpp</Filter>
    </ClCompile>
  </ItemGroup>
</Project>