<?xml version="1.0" encoding="utf-8"?>
<Project ToolsVersion="4.0" xmlns="http://schemas.microsoft.com/developer/msbuild/2003">
  <ItemGroup>
    <Filter Include="cpp">
      <UniqueIdentifier>{E866880B-5470-887C-DDEB-9E7C49F4937C}</UniqueIdentifier>
    </Filter>
    <Filter Include="cpp\editorWindows">
      <UniqueIdentifier>{69A665BD-D5BC-6353-1E34-EF748A8934DB}</UniqueIdentifier>
    </Filter>
    <Filter Include="cpp\gui">
      <UniqueIdentifier>{5C26CDD5-C805-4C71-D11D-D7473D7CB2D2}</UniqueIdentifier>
    </Filter>
    <Filter Include="cpp\util">
      <UniqueIdentifier>{559B798F-4168-D49A-6A81-C24256AD0929}</UniqueIdentifier>
    </Filter>
    <Filter Include="include">
      <UniqueIdentifier>{89AF369E-F58E-B539-FEA6-40106A051C9B}</UniqueIdentifier>
    </Filter>
    <Filter Include="include\editorWindows">
      <UniqueIdentifier>{CAF45D2F-3661-192A-FF54-B1876B803B92}</UniqueIdentifier>
    </Filter>
    <Filter Include="include\gui">
      <UniqueIdentifier>{7DD7C031-E98C-3927-7281-33FEDE35302B}</UniqueIdentifier>
    </Filter>
    <Filter Include="include\util">
      <UniqueIdentifier>{9670E369-82D3-720E-2B59-ABC4179B3E91}</UniqueIdentifier>
    </Filter>
  </ItemGroup>
  <ItemGroup>
    <ClInclude Include="include\AssetWizard.h">
      <Filter>include</Filter>
    </ClInclude>
    <ClInclude Include="include\FontAwesome.h">
      <Filter>include</Filter>
    </ClInclude>
    <ClInclude Include="include\Gizmos.h">
      <Filter>include</Filter>
    </ClInclude>
    <ClInclude Include="include\ImGuiLayer.h">
      <Filter>include</Filter>
    </ClInclude>
    <ClInclude Include="include\JadeEditorApplication.h">
      <Filter>include</Filter>
    </ClInclude>
    <ClInclude Include="include\LevelEditorScene.h">
      <Filter>include</Filter>
    </ClInclude>
    <ClInclude Include="include\LevelEditorSystem.h">
      <Filter>include</Filter>
    </ClInclude>
    <ClInclude Include="include\MenuBar.h">
      <Filter>include</Filter>
    </ClInclude>
    <ClInclude Include="include\PickingTexture.h">
      <Filter>include</Filter>
    </ClInclude>
    <ClInclude Include="include\ProjectWizard.h">
      <Filter>include</Filter>
    </ClInclude>
    <ClInclude Include="include\editorWindows\AssetWindow.h">
      <Filter>include\editorWindows</Filter>
    </ClInclude>
    <ClInclude Include="include\editorWindows\InspectorWindow.h">
      <Filter>include\editorWindows</Filter>
    </ClInclude>
    <ClInclude Include="include\editorWindows\SceneHeirarchyWindow.h">
      <Filter>include\editorWindows</Filter>
    </ClInclude>
    <ClInclude Include="include\gui\ImGuiExtended.h">
      <Filter>include\gui</Filter>
    </ClInclude>
    <ClInclude Include="include\gui\ImGuiHeader.h">
      <Filter>include\gui</Filter>
    </ClInclude>
    <ClInclude Include="include\util\Settings.h">
      <Filter>include\util</Filter>
    </ClInclude>
  </ItemGroup>
  <ItemGroup>
    <ClCompile Include="cpp\AssetWizard.cpp">
      <Filter>cpp</Filter>
    </ClCompile>
    <ClCompile Include="cpp\Gizmos.cpp">
      <Filter>cpp</Filter>
    </ClCompile>
    <ClCompile Include="cpp\ImGuiLayer.cpp">
      <Filter>cpp</Filter>
    </ClCompile>
    <ClCompile Include="cpp\JadeEditorApplication.cpp">
      <Filter>cpp</Filter>
    </ClCompile>
    <ClCompile Include="cpp\LevelEditorScene.cpp">
      <Filter>cpp</Filter>
    </ClCompile>
    <ClCompile Include="cpp\LevelEditorSystem.cpp">
      <Filter>cpp</Filter>
    </ClCompile>
    <ClCompile Include="cpp\MenuBar.cpp">
      <Filter>cpp</Filter>
    </ClCompile>
    <ClCompile Include="cpp\PickingTexture.cpp">
      <Filter>cpp</Filter>
    </ClCompile>
    <ClCompile Include="cpp\ProjectWizard.cpp">
      <Filter>cpp</Filter>
    </ClCompile>
    <ClCompile Include="cpp\editorWindows\AssetWindow.cpp">
      <Filter>cpp\editorWindows</Filter>
    </ClCompile>
    <ClCompile Include="cpp\editorWindows\InspectorWindow.cpp">
      <Filter>cpp\editorWindows</Filter>
    </ClCompile>
    <ClCompile Include="cpp\editorWindows\SceneHeirarchyWindow.cpp">
      <Filter>cpp\editorWindows</Filter>
    </ClCompile>
    <ClCompile Include="cpp\gui\ImGuiExtended.cpp">
      <Filter>cpp\gui</Filter>
    </ClCompile>
    <ClCompile Include="cpp\util\Settings.cpp">
      <Filter>cpp\util</Filter>
    </ClCompile>
  </ItemGroup>
</Project>